{
  "name": "solidjsrouter",
  "version": "0.0.4",
  "lockfileVersion": 1,
  "requires": true,
  "dependencies": {
    "solid-js": {
      "version": "0.13.0",
      "resolved": "https://registry.npmjs.org/solid-js/-/solid-js-0.13.0.tgz",
      "integrity": "sha512-PmHU5wPTIWZewHfEmlFHV5BOPLLdhmrGbOb3cJuAF5Cr87X5723uXMfVgcqNuIoxVn+PM67Bx/2fv0zHB/LGIg=="
    }
  }
}
